
Microsoft Visual Studio Solution File, Format Version 12.00
# Visual Studio 14
VisualStudioVersion = 14.0.24720.0
MinimumVisualStudioVersion = 10.0.40219.1
Project("{2150E333-8FDC-42A3-9474-1A3956D46DE8}") = "WithFixture", "WithFixture", "{C4F6C881-0598-4827-887A-9D019920428E}"
EndProject
Project("{FAE04EC0-301F-11D3-BF4B-00C04F79EFBC}") = "Escola", "WithFixture\Escola\Escola.csproj", "{BD6D5DBB-C2F7-444F-9E55-E21AF51FE10E}"
EndProject
Project("{FAE04EC0-301F-11D3-BF4B-00C04F79EFBC}") = "Escola.Test", "WithFixture\Escola.Test\Escola.Test.csproj", "{F2AB0E0A-62A5-4EDB-8583-9B47E573AD0F}"
EndProject
Global
	GlobalSection(SolutionConfigurationPlatforms) = preSolution
		Debug|Any CPU = Debug|Any CPU
		Release|Any CPU = Release|Any CPU
	EndGlobalSection
	GlobalSection(ProjectConfigurationPlatforms) = postSolution
		{BD6D5DBB-C2F7-444F-9E55-E21AF51FE10E}.Debug|Any CPU.ActiveCfg = Debug|Any CPU
		{BD6D5DBB-C2F7-444F-9E55-E21AF51FE10E}.Debug|Any CPU.Build.0 = Debug|Any CPU
		{BD6D5DBB-C2F7-444F-9E55-E21AF51FE10E}.Release|Any CPU.ActiveCfg = Release|Any CPU
		{BD6D5DBB-C2F7-444F-9E55-E21AF51FE10E}.Release|Any CPU.Build.0 = Release|Any CPU
		{F2AB0E0A-62A5-4EDB-8583-9B47E573AD0F}.Debug|Any CPU.ActiveCfg = Debug|Any CPU
		{F2AB0E0A-62A5-4EDB-8583-9B47E573AD0F}.Debug|Any CPU.Build.0 = Debug|Any CPU
		{F2AB0E0A-62A5-4EDB-8583-9B47E573AD0F}.Release|Any CPU.ActiveCfg = Release|Any CPU
		{F2AB0E0A-62A5-4EDB-8583-9B47E573AD0F}.Release|Any CPU.Build.0 = Release|Any CPU
	EndGlobalSection
	GlobalSection(SolutionProperties) = preSolution
		HideSolutionNode = FALSE
	EndGlobalSection
	GlobalSection(NestedProjects) = preSolution
		{BD6D5DBB-C2F7-444F-9E55-E21AF51FE10E} = {C4F6C881-0598-4827-887A-9D019920428E}
		{F2AB0E0A-62A5-4EDB-8583-9B47E573AD0F} = {C4F6C881-0598-4827-887A-9D019920428E}
	EndGlobalSection
EndGlobal
